
Microsoft Visual Studio Solution File, Format Version 12.00
# Visual Studio Version 16
VisualStudioVersion = 16.0.30503.244
MinimumVisualStudioVersion = 10.0.40219.1
Project("{FAE04EC0-301F-11D3-BF4B-00C04F79EFBC}") = "SubZeroWrapper", "SubZeroWrapper\SubZeroWrapper.csproj", "{6FAFE6AC-C7FB-4B09-B71A-3E3C37E9E1E8}"
EndProject
Global
	GlobalSection(SolutionConfigurationPlatforms) = preSolution
		Debug|Any CPU = Debug|Any CPU
		Release|Any CPU = Release|Any CPU
	EndGlobalSection
	GlobalSection(ProjectConfigurationPlatforms) = postSolution
		{6FAFE6AC-C7FB-4B09-B71A-3E3C37E9E1E8}.Debug|Any CPU.ActiveCfg = Debug|Any CPU
		{6FAFE6AC-C7FB-4B09-B71A-3E3C37E9E1E8}.Debug|Any CPU.Build.0 = Debug|Any CPU
		{6FAFE6AC-C7FB-4B09-B71A-3E3C37E9E1E8}.Release|Any CPU.ActiveCfg = Release|Any CPU
		{6FAFE6AC-C7FB-4B09-B71A-3E3C37E9E1E8}.Release|Any CPU.Build.0 = Release|Any CPU
	EndGlobalSection
	GlobalSection(SolutionProperties) = preSolution
		HideSolutionNode = FALSE
	EndGlobalSection
	GlobalSection(ExtensibilityGlobals) = postSolution
		SolutionGuid = {DEE34716-33B5-4FC4-8E35-2A958A232DDD}
	EndGlobalSection
EndGlobal
